
Microsoft Visual Studio Solution File, Format Version 12.00
# Visual Studio 15
VisualStudioVersion = 15.0.26403.0
MinimumVisualStudioVersion = 10.0.40219.1
Project("{8BC9CEB8-8B4A-11D0-8D11-00A0C91BC942}") = "liblua", "liblua\liblua.vcxproj", "{DDB99D0E-790D-4EAA-B2BB-2F4D1690DFC4}"
EndProject
Project("{8BC9CEB8-8B4A-11D0-8D11-00A0C91BC942}") = "luashell", "luashell\luashell.vcxproj", "{96EF9F47-CCAE-4595-960F-BA07D504982C}"
EndProject
Project("{8BC9CEB8-8B4A-11D0-8D11-00A0C91BC942}") = "luac", "luac\luac.vcxproj", "{8E1813E9-3C72-410A-8C27-93F1F8AE9AF7}"
EndProject
Project("{8BC9CEB8-8B4A-11D0-8D11-00A0C91BC942}") = "DirectxHost", "DirectxHost\DirectxHost.vcxproj", "{DC8F200B-2988-497E-A438-86D1E0FDE418}"
EndProject
Project("{8BC9CEB8-8B4A-11D0-8D11-00A0C91BC942}") = "LanguageImplementationPatterns", "LIP\LIP.vcxproj", "{8F20C588-FE08-4DCC-A012-807161E26358}"
EndProject
Project("{FAE04EC0-301F-11D3-BF4B-00C04F79EFBC}") = "cSharpLIP", "cSharpLIP\cSharpLIP.csproj", "{24224DBF-6058-40FF-8F92-4CFC32468BE2}"
EndProject
Global
	GlobalSection(SolutionConfigurationPlatforms) = preSolution
		Debug|Any CPU = Debug|Any CPU
		Debug|x64 = Debug|x64
		Debug|x86 = Debug|x86
		Release|Any CPU = Release|Any CPU
		Release|x64 = Release|x64
		Release|x86 = Release|x86
	EndGlobalSection
	GlobalSection(ProjectConfigurationPlatforms) = postSolution
		{DDB99D0E-790D-4EAA-B2BB-2F4D1690DFC4}.Debug|Any CPU.ActiveCfg = Debug|Win32
		{DDB99D0E-790D-4EAA-B2BB-2F4D1690DFC4}.Debug|x64.ActiveCfg = Debug|x64
		{DDB99D0E-790D-4EAA-B2BB-2F4D1690DFC4}.Debug|x64.Build.0 = Debug|x64
		{DDB99D0E-790D-4EAA-B2BB-2F4D1690DFC4}.Debug|x86.ActiveCfg = Debug|Win32
		{DDB99D0E-790D-4EAA-B2BB-2F4D1690DFC4}.Debug|x86.Build.0 = Debug|Win32
		{DDB99D0E-790D-4EAA-B2BB-2F4D1690DFC4}.Release|Any CPU.ActiveCfg = Release|Win32
		{DDB99D0E-790D-4EAA-B2BB-2F4D1690DFC4}.Release|x64.ActiveCfg = Release|x64
		{DDB99D0E-790D-4EAA-B2BB-2F4D1690DFC4}.Release|x64.Build.0 = Release|x64
		{DDB99D0E-790D-4EAA-B2BB-2F4D1690DFC4}.Release|x86.ActiveCfg = Release|Win32
		{DDB99D0E-790D-4EAA-B2BB-2F4D1690DFC4}.Release|x86.Build.0 = Release|Win32
		{96EF9F47-CCAE-4595-960F-BA07D504982C}.Debug|Any CPU.ActiveCfg = Debug|Win32
		{96EF9F47-CCAE-4595-960F-BA07D504982C}.Debug|x64.ActiveCfg = Debug|x64
		{96EF9F47-CCAE-4595-960F-BA07D504982C}.Debug|x64.Build.0 = Debug|x64
		{96EF9F47-CCAE-4595-960F-BA07D504982C}.Debug|x86.ActiveCfg = Debug|Win32
		{96EF9F47-CCAE-4595-960F-BA07D504982C}.Debug|x86.Build.0 = Debug|Win32
		{96EF9F47-CCAE-4595-960F-BA07D504982C}.Release|Any CPU.ActiveCfg = Release|Win32
		{96EF9F47-CCAE-4595-960F-BA07D504982C}.Release|x64.ActiveCfg = Release|x64
		{96EF9F47-CCAE-4595-960F-BA07D504982C}.Release|x64.Build.0 = Release|x64
		{96EF9F47-CCAE-4595-960F-BA07D504982C}.Release|x86.ActiveCfg = Release|Win32
		{96EF9F47-CCAE-4595-960F-BA07D504982C}.Release|x86.Build.0 = Release|Win32
		{8E1813E9-3C72-410A-8C27-93F1F8AE9AF7}.Debug|Any CPU.ActiveCfg = Debug|Win32
		{8E1813E9-3C72-410A-8C27-93F1F8AE9AF7}.Debug|x64.ActiveCfg = Debug|x64
		{8E1813E9-3C72-410A-8C27-93F1F8AE9AF7}.Debug|x64.Build.0 = Debug|x64
		{8E1813E9-3C72-410A-8C27-93F1F8AE9AF7}.Debug|x86.ActiveCfg = Debug|Win32
		{8E1813E9-3C72-410A-8C27-93F1F8AE9AF7}.Debug|x86.Build.0 = Debug|Win32
		{8E1813E9-3C72-410A-8C27-93F1F8AE9AF7}.Release|Any CPU.ActiveCfg = Release|Win32
		{8E1813E9-3C72-410A-8C27-93F1F8AE9AF7}.Release|x64.ActiveCfg = Release|x64
		{8E1813E9-3C72-410A-8C27-93F1F8AE9AF7}.Release|x64.Build.0 = Release|x64
		{8E1813E9-3C72-410A-8C27-93F1F8AE9AF7}.Release|x86.ActiveCfg = Release|Win32
		{8E1813E9-3C72-410A-8C27-93F1F8AE9AF7}.Release|x86.Build.0 = Release|Win32
		{DC8F200B-2988-497E-A438-86D1E0FDE418}.Debug|Any CPU.ActiveCfg = Debug|Win32
		{DC8F200B-2988-497E-A438-86D1E0FDE418}.Debug|x64.ActiveCfg = Debug|x64
		{DC8F200B-2988-497E-A438-86D1E0FDE418}.Debug|x64.Build.0 = Debug|x64
		{DC8F200B-2988-497E-A438-86D1E0FDE418}.Debug|x86.ActiveCfg = Debug|Win32
		{DC8F200B-2988-497E-A438-86D1E0FDE418}.Debug|x86.Build.0 = Debug|Win32
		{DC8F200B-2988-497E-A438-86D1E0FDE418}.Release|Any CPU.ActiveCfg = Release|Win32
		{DC8F200B-2988-497E-A438-86D1E0FDE418}.Release|x64.ActiveCfg = Release|x64
		{DC8F200B-2988-497E-A438-86D1E0FDE418}.Release|x64.Build.0 = Release|x64
		{DC8F200B-2988-497E-A438-86D1E0FDE418}.Release|x86.ActiveCfg = Release|Win32
		{DC8F200B-2988-497E-A438-86D1E0FDE418}.Release|x86.Build.0 = Release|Win32
		{8F20C588-FE08-4DCC-A012-807161E26358}.Debug|Any CPU.ActiveCfg = Debug|Win32
		{8F20C588-FE08-4DCC-A012-807161E26358}.Debug|x64.ActiveCfg = Debug|x64
		{8F20C588-FE08-4DCC-A012-807161E26358}.Debug|x64.Build.0 = Debug|x64
		{8F20C588-FE08-4DCC-A012-807161E26358}.Debug|x86.ActiveCfg = Debug|Win32
		{8F20C588-FE08-4DCC-A012-807161E26358}.Debug|x86.Build.0 = Debug|Win32
		{8F20C588-FE08-4DCC-A012-807161E26358}.Release|Any CPU.ActiveCfg = Release|Win32
		{8F20C588-FE08-4DCC-A012-807161E26358}.Release|x64.ActiveCfg = Release|x64
		{8F20C588-FE08-4DCC-A012-807161E26358}.Release|x64.Build.0 = Release|x64
		{8F20C588-FE08-4DCC-A012-807161E26358}.Release|x86.ActiveCfg = Release|Win32
		{8F20C588-FE08-4DCC-A012-807161E26358}.Release|x86.Build.0 = Release|Win32
		{24224DBF-6058-40FF-8F92-4CFC32468BE2}.Debug|Any CPU.ActiveCfg = Debug|Any CPU
		{24224DBF-6058-40FF-8F92-4CFC32468BE2}.Debug|Any CPU.Build.0 = Debug|Any CPU
		{24224DBF-6058-40FF-8F92-4CFC32468BE2}.Debug|x64.ActiveCfg = Debug|Any CPU
		{24224DBF-6058-40FF-8F92-4CFC32468BE2}.Debug|x64.Build.0 = Debug|Any CPU
		{24224DBF-6058-40FF-8F92-4CFC32468BE2}.Debug|x86.ActiveCfg = Debug|Any CPU
		{24224DBF-6058-40FF-8F92-4CFC32468BE2}.Debug|x86.Build.0 = Debug|Any CPU
		{24224DBF-6058-40FF-8F92-4CFC32468BE2}.Release|Any CPU.ActiveCfg = Release|Any CPU
		{24224DBF-6058-40FF-8F92-4CFC32468BE2}.Release|Any CPU.Build.0 = Release|Any CPU
		{24224DBF-6058-40FF-8F92-4CFC32468BE2}.Release|x64.ActiveCfg = Release|Any CPU
		{24224DBF-6058-40FF-8F92-4CFC32468BE2}.Release|x64.Build.0 = Release|Any CPU
		{24224DBF-6058-40FF-8F92-4CFC32468BE2}.Release|x86.ActiveCfg = Release|Any CPU
		{24224DBF-6058-40FF-8F92-4CFC32468BE2}.Release|x86.Build.0 = Release|Any CPU
	EndGlobalSection
	GlobalSection(SolutionProperties) = preSolution
		HideSolutionNode = FALSE
	EndGlobalSection
EndGlobal
