<?xml version="1.0" encoding="utf-8"?>
<Project ToolsVersion="4.0" xmlns="http://schemas.microsoft.com/developer/msbuild/2003">
  <ItemGroup>
    <Filter Include="Source Files">
      <UniqueIdentifier>{4FC737F1-C7A5-4376-A066-2A32D752A2FF}</UniqueIdentifier>
      <Extensions>cpp;c;cc;cxx;def;odl;idl;hpj;bat;asm;asmx</Extensions>
    </Filter>
    <Filter Include="Header Files">
      <UniqueIdentifier>{93995380-89BD-4b04-88EB-625FBE52EBFB}</UniqueIdentifier>
      <Extensions>h;hh;hpp;hxx;hm;inl;inc;xsd</Extensions>
    </Filter>
    <Filter Include="Resource Files">
      <UniqueIdentifier>{67DA6AB6-F800-4c08-8B7A-83BB121AAD01}</UniqueIdentifier>
      <Extensions>rc;ico;cur;bmp;dlg;rc2;rct;bin;rgs;gif;jpg;jpeg;jpe;resx;tiff;tif;png;wav;mfcribbon-ms</Extensions>
    </Filter>
    <Filter Include="grammars">
      <UniqueIdentifier>{454ef9d6-d233-4e63-aae6-82840cebc692}</UniqueIdentifier>
    </Filter>
  </ItemGroup>
  <ItemGroup>
    <ClCompile Include="KvotheLang\murmurhash.cpp">
      <Filter>Source Files</Filter>
    </ClCompile>
    <ClCompile Include="KvotheLang\main.cpp">
      <Filter>Source Files</Filter>
    </ClCompile>
    <ClCompile Include="KvotheLang\regexparse.cpp">
      <Filter>Source Files</Filter>
    </ClCompile>
  </ItemGroup>
  <ItemGroup>
    <ClInclude Include="KvotheLang\macros.h">
      <Filter>Header Files</Filter>
    </ClInclude>
    <ClInclude Include="KvotheLang\bitary.h">
      <Filter>Header Files</Filter>
    </ClInclude>
    <ClInclude Include="KvotheLang\types.h">
      <Filter>Header Files</Filter>
    </ClInclude>
    <ClInclude Include="KvotheLang\murmurhash.h">
      <Filter>Header Files</Filter>
    </ClInclude>
    <ClInclude Include="KvotheLang\pool.h">
      <Filter>Header Files</Filter>
    </ClInclude>
    <ClInclude Include="KvotheLang\nfa.h">
      <Filter>Header Files</Filter>
    </ClInclude>
    <ClInclude Include="KvotheLang\dfa.h">
      <Filter>Header Files</Filter>
    </ClInclude>
    <ClInclude Include="KvotheLang\regexparse.h">
      <Filter>Header Files</Filter>
    </ClInclude>
  </ItemGroup>
  <ItemGroup>
    <None Include="KvotheLang\regex.gfile">
      <Filter>grammars</Filter>
    </None>
    <None Include="KvotheLang\example.regex">
      <Filter>grammars</Filter>
    </None>
  </ItemGroup>
</Project>